{
  "originHash" : "7f67df4d7982b7f45ae62202f78ea31ac082b88b8a1b738e3590d721487f313b",
  "pins" : [
    {
      "identity" : "appauth-ios",
      "kind" : "remoteSourceControl",
      "location" : "https://github.com/openid/AppAuth-iOS.git",
      "state" : {
        "revision" : "a7caeda164dc5108bf4649472b28a5af65dc6f33",
        "version" : "2.1.0"
      }
    },
    {
      "identity" : "kingfisher",
      "kind" : "remoteSourceControl",
      "location" : "https://github.com/onevcat/Kingfisher.git",
      "state" : {
        "revision" : "ac632bd26a1c00f139ff62fd01806f21cf67325e",
        "version" : "8.10.0"
      }
    },
    {
      "identity" : "swiftui-shimmer",
      "kind" : "remoteSourceControl",
      "location" : "https://github.com/markiv/swiftui-Shimmer",
      "state" : {
        "revision" : "0226e21f9bf355d40e07e5f5e1c33679d50e167f",
        "version" : "1.5.1"
      }
    }
  ],
  "version" : 3
}
